
Microsoft Visual Studio Solution File, Format Version 12.00
# Visual Studio Version 17
VisualStudioVersion = 17.0.31912.275
MinimumVisualStudioVersion = 10.0.40219.1
Project("{FAE04EC0-301F-11D3-BF4B-00C04F79EFBC}") = "TelerikAspNetCoreApp2", "TelerikAspNetCoreApp2.csproj", "{A6580E91-B362-4A9D-B7BB-DE220B35DDAA}"
EndProject
Project("{2150E333-8FDC-42A3-9474-1A3956D46DE8}") = "Solution Items", "Solution Items", "{90BD678F-F8EB-4F8E-967B-C5DE65636E86}"
	ProjectSection(SolutionItems) = preProject
		global.json = global.json
	EndProjectSection
EndProject
Global
	GlobalSection(SolutionConfigurationPlatforms) = preSolution
		Debug|Any CPU = Debug|Any CPU
		Release|Any CPU = Release|Any CPU
	EndGlobalSection
	GlobalSection(ProjectConfigurationPlatforms) = postSolution
		{A6580E91-B362-4A9D-B7BB-DE220B35DDAA}.Debug|Any CPU.ActiveCfg = Debug|Any CPU
		{A6580E91-B362-4A9D-B7BB-DE220B35DDAA}.Debug|Any CPU.Build.0 = Debug|Any CPU
		{A6580E91-B362-4A9D-B7BB-DE220B35DDAA}.Release|Any CPU.ActiveCfg = Release|Any CPU
		{A6580E91-B362-4A9D-B7BB-DE220B35DDAA}.Release|Any CPU.Build.0 = Release|Any CPU
	EndGlobalSection
	GlobalSection(SolutionProperties) = preSolution
		HideSolutionNode = FALSE
	EndGlobalSection
	GlobalSection(ExtensibilityGlobals) = postSolution
		SolutionGuid = {F3A3224E-7E01-4236-930D-8AB8DFC46439}
	EndGlobalSection
EndGlobal
